
Microsoft Visual Studio Solution File, Format Version 12.00
# Visual Studio Version 16
VisualStudioVersion = 16.0.29613.14
MinimumVisualStudioVersion = 10.0.40219.1
Project("{FAE04EC0-301F-11D3-BF4B-00C04F79EFBC}") = "Masjed", "Masjed\Masjed.csproj", "{BC4C9A2F-4E6A-441E-A213-6C50F779D566}"
EndProject
Project("{FAE04EC0-301F-11D3-BF4B-00C04F79EFBC}") = "DataLayer", "DataLayer\DataLayer.csproj", "{FA61E95D-46FB-49C5-9956-610247B586E3}"
EndProject
Global
	GlobalSection(SolutionConfigurationPlatforms) = preSolution
		Debug|Any CPU = Debug|Any CPU
		Release|Any CPU = Release|Any CPU
	EndGlobalSection
	GlobalSection(ProjectConfigurationPlatforms) = postSolution
		{BC4C9A2F-4E6A-441E-A213-6C50F779D566}.Debug|Any CPU.ActiveCfg = Debug|Any CPU
		{BC4C9A2F-4E6A-441E-A213-6C50F779D566}.Debug|Any CPU.Build.0 = Debug|Any CPU
		{BC4C9A2F-4E6A-441E-A213-6C50F779D566}.Release|Any CPU.ActiveCfg = Release|Any CPU
		{BC4C9A2F-4E6A-441E-A213-6C50F779D566}.Release|Any CPU.Build.0 = Release|Any CPU
		{FA61E95D-46FB-49C5-9956-610247B586E3}.Debug|Any CPU.ActiveCfg = Debug|Any CPU
		{FA61E95D-46FB-49C5-9956-610247B586E3}.Debug|Any CPU.Build.0 = Debug|Any CPU
		{FA61E95D-46FB-49C5-9956-610247B586E3}.Release|Any CPU.ActiveCfg = Release|Any CPU
		{FA61E95D-46FB-49C5-9956-610247B586E3}.Release|Any CPU.Build.0 = Release|Any CPU
	EndGlobalSection
	GlobalSection(SolutionProperties) = preSolution
		HideSolutionNode = FALSE
	EndGlobalSection
	GlobalSection(ExtensibilityGlobals) = postSolution
		SolutionGuid = {53BCF99E-6339-425D-871A-A144404EBCD6}
	EndGlobalSection
EndGlobal
